
Microsoft Visual Studio Solution File, Format Version 12.00
# Visual Studio Version 16
VisualStudioVersion = 16.0.30204.135
MinimumVisualStudioVersion = 10.0.40219.1
Project("{FAE04EC0-301F-11D3-BF4B-00C04F79EFBC}") = "TaskManager.Models", "TaskManager.Models\TaskManager.Models.csproj", "{F5CA2689-135F-42DA-9D33-DA4A3BAA7CF2}"
EndProject
Project("{FAE04EC0-301F-11D3-BF4B-00C04F79EFBC}") = "TaskManager.Client", "TaskManager.Client\TaskManager.Client.csproj", "{2E96A82F-4AA4-43A4-97EF-93206140320C}"
EndProject
Project("{FAE04EC0-301F-11D3-BF4B-00C04F79EFBC}") = "TaskManager.Tests", "TaskManager.Tests\TaskManager.Tests.csproj", "{B31F1E0A-1477-4D47-A5CC-3BB89B962AE2}"
EndProject
Global
	GlobalSection(SolutionConfigurationPlatforms) = preSolution
		Debug|Any CPU = Debug|Any CPU
		Release|Any CPU = Release|Any CPU
	EndGlobalSection
	GlobalSection(ProjectConfigurationPlatforms) = postSolution
		{F5CA2689-135F-42DA-9D33-DA4A3BAA7CF2}.Debug|Any CPU.ActiveCfg = Debug|Any CPU
		{F5CA2689-135F-42DA-9D33-DA4A3BAA7CF2}.Debug|Any CPU.Build.0 = Debug|Any CPU
		{F5CA2689-135F-42DA-9D33-DA4A3BAA7CF2}.Release|Any CPU.ActiveCfg = Release|Any CPU
		{F5CA2689-135F-42DA-9D33-DA4A3BAA7CF2}.Release|Any CPU.Build.0 = Release|Any CPU
		{2E96A82F-4AA4-43A4-97EF-93206140320C}.Debug|Any CPU.ActiveCfg = Debug|Any CPU
		{2E96A82F-4AA4-43A4-97EF-93206140320C}.Debug|Any CPU.Build.0 = Debug|Any CPU
		{2E96A82F-4AA4-43A4-97EF-93206140320C}.Release|Any CPU.ActiveCfg = Release|Any CPU
		{2E96A82F-4AA4-43A4-97EF-93206140320C}.Release|Any CPU.Build.0 = Release|Any CPU
		{B31F1E0A-1477-4D47-A5CC-3BB89B962AE2}.Debug|Any CPU.ActiveCfg = Debug|Any CPU
		{B31F1E0A-1477-4D47-A5CC-3BB89B962AE2}.Debug|Any CPU.Build.0 = Debug|Any CPU
		{B31F1E0A-1477-4D47-A5CC-3BB89B962AE2}.Release|Any CPU.ActiveCfg = Release|Any CPU
		{B31F1E0A-1477-4D47-A5CC-3BB89B962AE2}.Release|Any CPU.Build.0 = Release|Any CPU
	EndGlobalSection
	GlobalSection(SolutionProperties) = preSolution
		HideSolutionNode = FALSE
	EndGlobalSection
	GlobalSection(ExtensibilityGlobals) = postSolution
		SolutionGuid = {7191EAD6-E5D2-4CAA-AAD3-BCD00529A6CB}
	EndGlobalSection
EndGlobal
